
Microsoft Visual Studio Solution File, Format Version 12.00
# Visual Studio 15
VisualStudioVersion = 15.0.27703.2026
MinimumVisualStudioVersion = 10.0.40219.1
Project("{FAE04EC0-301F-11D3-BF4B-00C04F79EFBC}") = "ConsoleApp1", "ConsoleApp1\ConsoleApp1.csproj", "{A82B3857-093B-4231-BDA7-689952A5488E}"
EndProject
Global
	GlobalSection(SolutionConfigurationPlatforms) = preSolution
		Debug|Any CPU = Debug|Any CPU
		Release|Any CPU = Release|Any CPU
	EndGlobalSection
	GlobalSection(ProjectConfigurationPlatforms) = postSolution
		{A82B3857-093B-4231-BDA7-689952A5488E}.Debug|Any CPU.ActiveCfg = Debug|Any CPU
		{A82B3857-093B-4231-BDA7-689952A5488E}.Debug|Any CPU.Build.0 = Debug|Any CPU
		{A82B3857-093B-4231-BDA7-689952A5488E}.Release|Any CPU.ActiveCfg = Release|Any CPU
		{A82B3857-093B-4231-BDA7-689952A5488E}.Release|Any CPU.Build.0 = Release|Any CPU
	EndGlobalSection
	GlobalSection(SolutionProperties) = preSolution
		HideSolutionNode = FALSE
	EndGlobalSection
	GlobalSection(ExtensibilityGlobals) = postSolution
		SolutionGuid = {07753928-1FEB-4A4F-9F86-7E7EFCE9A93E}
	EndGlobalSection
EndGlobal
